
Microsoft Visual Studio Solution File, Format Version 12.00
# Visual Studio Version 16
VisualStudioVersion = 16.0.30406.217
MinimumVisualStudioVersion = 10.0.40219.1
Project("{FAE04EC0-301F-11D3-BF4B-00C04F79EFBC}") = "APIMensajeria", "APIMensajeria.csproj", "{36B53B71-95F1-4C32-B9EA-8AC610D7CA97}"
EndProject
Project("{FAE04EC0-301F-11D3-BF4B-00C04F79EFBC}") = "Consumidor", "..\Consumidor\Consumidor.csproj", "{EF80657B-A790-40B0-82C5-447EAAA3C44E}"
EndProject
Project("{FAE04EC0-301F-11D3-BF4B-00C04F79EFBC}") = "ClienteRabbit", "..\ClienteRabbit\ClienteRabbit.csproj", "{324CF76C-203D-4185-834A-A0F0A988AA7E}"
EndProject
Global
	GlobalSection(SolutionConfigurationPlatforms) = preSolution
		Debug|Any CPU = Debug|Any CPU
		Release|Any CPU = Release|Any CPU
	EndGlobalSection
	GlobalSection(ProjectConfigurationPlatforms) = postSolution
		{36B53B71-95F1-4C32-B9EA-8AC610D7CA97}.Debug|Any CPU.ActiveCfg = Debug|Any CPU
		{36B53B71-95F1-4C32-B9EA-8AC610D7CA97}.Debug|Any CPU.Build.0 = Debug|Any CPU
		{36B53B71-95F1-4C32-B9EA-8AC610D7CA97}.Release|Any CPU.ActiveCfg = Release|Any CPU
		{36B53B71-95F1-4C32-B9EA-8AC610D7CA97}.Release|Any CPU.Build.0 = Release|Any CPU
		{EF80657B-A790-40B0-82C5-447EAAA3C44E}.Debug|Any CPU.ActiveCfg = Debug|Any CPU
		{EF80657B-A790-40B0-82C5-447EAAA3C44E}.Debug|Any CPU.Build.0 = Debug|Any CPU
		{EF80657B-A790-40B0-82C5-447EAAA3C44E}.Release|Any CPU.ActiveCfg = Release|Any CPU
		{EF80657B-A790-40B0-82C5-447EAAA3C44E}.Release|Any CPU.Build.0 = Release|Any CPU
		{324CF76C-203D-4185-834A-A0F0A988AA7E}.Debug|Any CPU.ActiveCfg = Debug|Any CPU
		{324CF76C-203D-4185-834A-A0F0A988AA7E}.Debug|Any CPU.Build.0 = Debug|Any CPU
		{324CF76C-203D-4185-834A-A0F0A988AA7E}.Release|Any CPU.ActiveCfg = Release|Any CPU
		{324CF76C-203D-4185-834A-A0F0A988AA7E}.Release|Any CPU.Build.0 = Release|Any CPU
	EndGlobalSection
	GlobalSection(SolutionProperties) = preSolution
		HideSolutionNode = FALSE
	EndGlobalSection
	GlobalSection(ExtensibilityGlobals) = postSolution
		SolutionGuid = {A324459B-6714-4928-AC98-CCDC378956D1}
	EndGlobalSection
EndGlobal
